// !$*UTF8*$!
{
	archiveVersion = 1;
	classes = {
	};
	objectVersion = 48;
	objects = {

/* Begin PBXBuildFile section */
		820CE0C31F2A334200237D0C /* Constants.swift in Sources */ = {isa = PBXBuildFile; fileRef = 820CE0C21F2A334200237D0C /* Constants.swift */; };
		820CE0C51F2A378B00237D0C /* Requests.swift in Sources */ = {isa = PBXBuildFile; fileRef = 820CE0C41F2A378B00237D0C /* Requests.swift */; };
		8269C6721F2A1C76004C3492 /* AppDelegate.swift in Sources */ = {isa = PBXBuildFile; fileRef = 8269C6711F2A1C76004C3492 /* AppDelegate.swift */; };
		8269C6741F2A1C76004C3492 /* HomeViewController.swift in Sources */ = {isa = PBXBuildFile; fileRef = 8269C6731F2A1C76004C3492 /* HomeViewController.swift */; };
		8269C6771F2A1C76004C3492 /* Main.storyboard in Resources */ = {isa = PBXBuildFile; fileRef = 8269C6751F2A1C76004C3492 /* Main.storyboard */; };
		8269C67A1F2A1C76004C3492 /* SwiftCoreData.xcdatamodeld in Sources */ = {isa = PBXBuildFile; fileRef = 8269C6781F2A1C76004C3492 /* SwiftCoreData.xcdatamodeld */; };
		8269C67C1F2A1C76004C3492 /* Assets.xcassets in Resources */ = {isa = PBXBuildFile; fileRef = 8269C67B1F2A1C76004C3492 /* Assets.xcassets */; };
		8269C67F1F2A1C76004C3492 /* LaunchScreen.storyboard in Resources */ = {isa = PBXBuildFile; fileRef = 8269C67D1F2A1C76004C3492 /* LaunchScreen.storyboard */; };
		8269C68A1F2A1ECF004C3492 /* CustomNavigationViewController.swift in Sources */ = {isa = PBXBuildFile; fileRef = 8269C6891F2A1ECF004C3492 /* CustomNavigationViewController.swift */; };
		8269C68C1F2A23CF004C3492 /* DataManager.swift in Sources */ = {isa = PBXBuildFile; fileRef = 8269C68B1F2A23CF004C3492 /* DataManager.swift */; };
		8269C68E1F2A2A3D004C3492 /* Model.swift in Sources */ = {isa = PBXBuildFile; fileRef = 8269C68D1F2A2A3D004C3492 /* Model.swift */; };
		829CEFA21F2BA8030060D8F0 /* SpecieModel.swift in Sources */ = {isa = PBXBuildFile; fileRef = 829CEFA11F2BA8030060D8F0 /* SpecieModel.swift */; };
		829CEFA41F2BA8810060D8F0 /* JediModel.swift in Sources */ = {isa = PBXBuildFile; fileRef = 829CEFA31F2BA8810060D8F0 /* JediModel.swift */; };
		82A6C7CA1F2F76FE008E3824 /* HomeCollectionViewCell.swift in Sources */ = {isa = PBXBuildFile; fileRef = 82A6C7C91F2F76FE008E3824 /* HomeCollectionViewCell.swift */; };
		82FF7B3C1F2F798F00867DB5 /* Extensions.swift in Sources */ = {isa = PBXBuildFile; fileRef = 82FF7B3B1F2F798F00867DB5 /* Extensions.swift */; };
		82FF7B3E1F2F7B1D00867DB5 /* UltraVisualLayout.swift in Sources */ = {isa = PBXBuildFile; fileRef = 82FF7B3D1F2F7B1D00867DB5 /* UltraVisualLayout.swift */; };
		E5B8DA71C9F329BA4A35A9E9 /* Pods_SwiftCoreData.framework in Frameworks */ = {isa = PBXBuildFile; fileRef = 27AAA6EF8A18138D1B9E257F /* Pods_SwiftCoreData.framework */; };
/* End PBXBuildFile section */

/* Begin PBXFileReference section */
		0C449078D09E66687A52D326 /* Pods-SwiftCoreData.release.xcconfig */ = {isa = PBXFileReference; includeInIndex = 1; lastKnownFileType = text.xcconfig; name = "Pods-SwiftCoreData.release.xcconfig"; path = "Pods/Target Support Files/Pods-SwiftCoreData/Pods-SwiftCoreData.release.xcconfig"; sourceTree = "<group>"; };
		27AAA6EF8A18138D1B9E257F /* Pods_SwiftCoreData.framework */ = {isa = PBXFileReference; explicitFileType = wrapper.framework; includeInIndex = 0; path = Pods_SwiftCoreData.framework; sourceTree = BUILT_PRODUCTS_DIR; };
		820CE0C21F2A334200237D0C /* Constants.swift */ = {isa = PBXFileReference; lastKnownFileType = sourcecode.swift; path = Constants.swift; sourceTree = "<group>"; };
		820CE0C41F2A378B00237D0C /* Requests.swift */ = {isa = PBXFileReference; lastKnownFileType = sourcecode.swift; path = Requests.swift; sourceTree = "<group>"; };
		8269C66E1F2A1C76004C3492 /* SwiftCoreData.app */ = {isa = PBXFileReference; explicitFileType = wrapper.application; includeInIndex = 0; path = SwiftCoreData.app; sourceTree = BUILT_PRODUCTS_DIR; };
		8269C6711F2A1C76004C3492 /* AppDelegate.swift */ = {isa = PBXFileReference; lastKnownFileType = sourcecode.swift; path = AppDelegate.swift; sourceTree = "<group>"; };
		8269C6731F2A1C76004C3492 /* HomeViewController.swift */ = {isa = PBXFileReference; lastKnownFileType = sourcecode.swift; path = HomeViewController.swift; sourceTree = "<group>"; };
		8269C6761F2A1C76004C3492 /* Base */ = {isa = PBXFileReference; lastKnownFileType = file.storyboard; name = Base; path = Base.lproj/Main.storyboard; sourceTree = "<group>"; };
		8269C6791F2A1C76004C3492 /* CoreData.xcdatamodel */ = {isa = PBXFileReference; lastKnownFileType = wrapper.xcdatamodel; path = CoreData.xcdatamodel; sourceTree = "<group>"; };
		8269C67B1F2A1C76004C3492 /* Assets.xcassets */ = {isa = PBXFileReference; lastKnownFileType = folder.assetcatalog; path = Assets.xcassets; sourceTree = "<group>"; };
		8269C67E1F2A1C76004C3492 /* Base */ = {isa = PBXFileReference; lastKnownFileType = file.storyboard; name = Base; path = Base.lproj/LaunchScreen.storyboard; sourceTree = "<group>"; };
		8269C6801F2A1C76004C3492 /* Info.plist */ = {isa = PBXFileReference; lastKnownFileType = text.plist.xml; path = Info.plist; sourceTree = "<group>"; };
		8269C6891F2A1ECF004C3492 /* CustomNavigationViewController.swift */ = {isa = PBXFileReference; lastKnownFileType = sourcecode.swift; path = CustomNavigationViewController.swift; sourceTree = "<group>"; };
		8269C68B1F2A23CF004C3492 /* DataManager.swift */ = {isa = PBXFileReference; lastKnownFileType = sourcecode.swift; path = DataManager.swift; sourceTree = "<group>"; };
		8269C68D1F2A2A3D004C3492 /* Model.swift */ = {isa = PBXFileReference; lastKnownFileType = sourcecode.swift; path = Model.swift; sourceTree = "<group>"; };
		829CEFA11F2BA8030060D8F0 /* SpecieModel.swift */ = {isa = PBXFileReference; lastKnownFileType = sourcecode.swift; path = SpecieModel.swift; sourceTree = "<group>"; };
		829CEFA31F2BA8810060D8F0 /* JediModel.swift */ = {isa = PBXFileReference; lastKnownFileType = sourcecode.swift; path = JediModel.swift; sourceTree = "<group>"; };
		82A6C7C91F2F76FE008E3824 /* HomeCollectionViewCell.swift */ = {isa = PBXFileReference; lastKnownFileType = sourcecode.swift; path = HomeCollectionViewCell.swift; sourceTree = "<group>"; };
		82FF7B3B1F2F798F00867DB5 /* Extensions.swift */ = {isa = PBXFileReference; lastKnownFileType = sourcecode.swift; path = Extensions.swift; sourceTree = "<group>"; };
		82FF7B3D1F2F7B1D00867DB5 /* UltraVisualLayout.swift */ = {isa = PBXFileReference; lastKnownFileType = sourcecode.swift; path = UltraVisualLayout.swift; sourceTree = "<group>"; };
		842C8136B2FF56C03BE20B95 /* Pods-SwiftCoreData.debug.xcconfig */ = {isa = PBXFileReference; includeInIndex = 1; lastKnownFileType = text.xcconfig; name = "Pods-SwiftCoreData.debug.xcconfig"; path = "Pods/Target Support Files/Pods-SwiftCoreData/Pods-SwiftCoreData.debug.xcconfig"; sourceTree = "<group>"; };
/* End PBXFileReference section */

/* Begin PBXFrameworksBuildPhase section */
		8269C66B1F2A1C76004C3492 /* Frameworks */ = {
			isa = PBXFrameworksBuildPhase;
			buildActionMask = 2147483647;
			files = (
				E5B8DA71C9F329BA4A35A9E9 /* Pods_SwiftCoreData.framework in Frameworks */,
			);
			runOnlyForDeploymentPostprocessing = 0;
		};
/* End PBXFrameworksBuildPhase section */

/* Begin PBXGroup section */
		426142CE4FDA1691A42CF730 /* Frameworks */ = {
			isa = PBXGroup;
			children = (
				27AAA6EF8A18138D1B9E257F /* Pods_SwiftCoreData.framework */,
			);
			name = Frameworks;
			sourceTree = "<group>";
		};
		81DC74EBFEBAB25653D3F739 /* Pods */ = {
			isa = PBXGroup;
			children = (
				842C8136B2FF56C03BE20B95 /* Pods-SwiftCoreData.debug.xcconfig */,
				0C449078D09E66687A52D326 /* Pods-SwiftCoreData.release.xcconfig */,
			);
			name = Pods;
			sourceTree = "<group>";
		};
		8269C6651F2A1C76004C3492 = {
			isa = PBXGroup;
			children = (
				8269C6701F2A1C76004C3492 /* SwiftCoreData */,
				8269C66F1F2A1C76004C3492 /* Products */,
				81DC74EBFEBAB25653D3F739 /* Pods */,
				426142CE4FDA1691A42CF730 /* Frameworks */,
			);
			sourceTree = "<group>";
		};
		8269C66F1F2A1C76004C3492 /* Products */ = {
			isa = PBXGroup;
			children = (
				8269C66E1F2A1C76004C3492 /* SwiftCoreData.app */,
			);
			name = Products;
			sourceTree = "<group>";
		};
		8269C6701F2A1C76004C3492 /* SwiftCoreData */ = {
			isa = PBXGroup;
			children = (
				8269C6871F2A1CB4004C3492 /* UI */,
				8269C68F1F2A2A46004C3492 /* Model */,
				82A6C7CB1F2F7704008E3824 /* View */,
				8269C6881F2A1CBB004C3492 /* Controller */,
				8269C6861F2A1C96004C3492 /* Support */,
			);
			path = SwiftCoreData;
			sourceTree = "<group>";
		};
		8269C6861F2A1C96004C3492 /* Support */ = {
			isa = PBXGroup;
			children = (
				8269C6711F2A1C76004C3492 /* AppDelegate.swift */,
				8269C68B1F2A23CF004C3492 /* DataManager.swift */,
				820CE0C21F2A334200237D0C /* Constants.swift */,
				820CE0C41F2A378B00237D0C /* Requests.swift */,
				82FF7B3B1F2F798F00867DB5 /* Extensions.swift */,
				8269C6801F2A1C76004C3492 /* Info.plist */,
				8269C6781F2A1C76004C3492 /* SwiftCoreData.xcdatamodeld */,
				8269C67B1F2A1C76004C3492 /* Assets.xcassets */,
				82FF7B3F1F2F7B2C00867DB5 /* Layouts */,
			);
			path = Support;
			sourceTree = "<group>";
		};
		8269C6871F2A1CB4004C3492 /* UI */ = {
			isa = PBXGroup;
			children = (
				8269C6751F2A1C76004C3492 /* Main.storyboard */,
				8269C67D1F2A1C76004C3492 /* LaunchScreen.storyboard */,
			);
			path = UI;
			sourceTree = "<group>";
		};
		8269C6881F2A1CBB004C3492 /* Controller */ = {
			isa = PBXGroup;
			children = (
				8269C6731F2A1C76004C3492 /* HomeViewController.swift */,
				8269C6891F2A1ECF004C3492 /* CustomNavigationViewController.swift */,
			);
			path = Controller;
			sourceTree = "<group>";
		};
		8269C68F1F2A2A46004C3492 /* Model */ = {
			isa = PBXGroup;
			children = (
				8269C68D1F2A2A3D004C3492 /* Model.swift */,
				829CEFA31F2BA8810060D8F0 /* JediModel.swift */,
				829CEFA11F2BA8030060D8F0 /* SpecieModel.swift */,
			);
			path = Model;
			sourceTree = "<group>";
		};
		82A6C7CB1F2F7704008E3824 /* View */ = {
			isa = PBXGroup;
			children = (
				82A6C7CC1F2F770B008E3824 /* Cell */,
			);
			path = View;
			sourceTree = "<group>";
		};
		82A6C7CC1F2F770B008E3824 /* Cell */ = {
			isa = PBXGroup;
			children = (
				82A6C7C91F2F76FE008E3824 /* HomeCollectionViewCell.swift */,
			);
			path = Cell;
			sourceTree = "<group>";
		};
		82FF7B3F1F2F7B2C00867DB5 /* Layouts */ = {
			isa = PBXGroup;
			children = (
				82FF7B3D1F2F7B1D00867DB5 /* UltraVisualLayout.swift */,
			);
			path = Layouts;
			sourceTree = "<group>";
		};
/* End PBXGroup section */

/* Begin PBXNativeTarget section */
		8269C66D1F2A1C76004C3492 /* SwiftCoreData */ = {
			isa = PBXNativeTarget;
			buildConfigurationList = 8269C6831F2A1C76004C3492 /* Build configuration list for PBXNativeTarget "SwiftCoreData" */;
			buildPhases = (
				0E1599FEF1241031F09B70AC /* [CP] Check Pods Manifest.lock */,
				8269C66A1F2A1C76004C3492 /* Sources */,
				8269C66B1F2A1C76004C3492 /* Frameworks */,
				8269C66C1F2A1C76004C3492 /* Resources */,
				174FEEF97629F98B02770008 /* [CP] Embed Pods Frameworks */,
				D4D342755B5C7A69E8CFE9DE /* [CP] Copy Pods Resources */,
			);
			buildRules = (
			);
			dependencies = (
			);
			name = SwiftCoreData;
			productName = CoreData;
			productReference = 8269C66E1F2A1C76004C3492 /* SwiftCoreData.app */;
			productType = "com.apple.product-type.application";
		};
/* End PBXNativeTarget section */

/* Begin PBXProject section */
		8269C6661F2A1C76004C3492 /* Project object */ = {
			isa = PBXProject;
			attributes = {
				LastSwiftUpdateCheck = 0900;
				LastUpgradeCheck = 0900;
				ORGANIZATIONNAME = limadeveloper;
				TargetAttributes = {
					8269C66D1F2A1C76004C3492 = {
						CreatedOnToolsVersion = 9.0;
					};
				};
			};
			buildConfigurationList = 8269C6691F2A1C76004C3492 /* Build configuration list for PBXProject "SwiftCoreData" */;
			compatibilityVersion = "Xcode 8.0";
			developmentRegion = en;
			hasScannedForEncodings = 0;
			knownRegions = (
				en,
				Base,
			);
			mainGroup = 8269C6651F2A1C76004C3492;
			productRefGroup = 8269C66F1F2A1C76004C3492 /* Products */;
			projectDirPath = "";
			projectRoot = "";
			targets = (
				8269C66D1F2A1C76004C3492 /* SwiftCoreData */,
			);
		};
/* End PBXProject section */

/* Begin PBXResourcesBuildPhase section */
		8269C66C1F2A1C76004C3492 /* Resources */ = {
			isa = PBXResourcesBuildPhase;
			buildActionMask = 2147483647;
			files = (
				8269C67F1F2A1C76004C3492 /* LaunchScreen.storyboard in Resources */,
				8269C67C1F2A1C76004C3492 /* Assets.xcassets in Resources */,
				8269C6771F2A1C76004C3492 /* Main.storyboard in Resources */,
			);
			runOnlyForDeploymentPostprocessing = 0;
		};
/* End PBXResourcesBuildPhase section */

/* Begin PBXShellScriptBuildPhase section */
		0E1599FEF1241031F09B70AC /* [CP] Check Pods Manifest.lock */ = {
			isa = PBXShellScriptBuildPhase;
			buildActionMask = 2147483647;
			files = (
			);
			inputPaths = (
			);
			name = "[CP] Check Pods Manifest.lock";
			outputPaths = (
			);
			runOnlyForDeploymentPostprocessing = 0;
			shellPath = /bin/sh;
			shellScript = "diff \"${PODS_PODFILE_DIR_PATH}/Podfile.lock\" \"${PODS_ROOT}/Manifest.lock\" > /dev/null\nif [ $? != 0 ] ; then\n    # print error to STDERR\n    echo \"error: The sandbox is not in sync with the Podfile.lock. Run 'pod install' or update your CocoaPods installation.\" >&2\n    exit 1\nfi\n";
			showEnvVarsInLog = 0;
		};
		174FEEF97629F98B02770008 /* [CP] Embed Pods Frameworks */ = {
			isa = PBXShellScriptBuildPhase;
			buildActionMask = 2147483647;
			files = (
			);
			inputPaths = (
			);
			name = "[CP] Embed Pods Frameworks";
			outputPaths = (
			);
			runOnlyForDeploymentPostprocessing = 0;
			shellPath = /bin/sh;
			shellScript = "\"${SRCROOT}/Pods/Target Support Files/Pods-SwiftCoreData/Pods-SwiftCoreData-frameworks.sh\"\n";
			showEnvVarsInLog = 0;
		};
		D4D342755B5C7A69E8CFE9DE /* [CP] Copy Pods Resources */ = {
			isa = PBXShellScriptBuildPhase;
			buildActionMask = 2147483647;
			files = (
			);
			inputPaths = (
			);
			name = "[CP] Copy Pods Resources";
			outputPaths = (
			);
			runOnlyForDeploymentPostprocessing = 0;
			shellPath = /bin/sh;
			shellScript = "\"${SRCROOT}/Pods/Target Support Files/Pods-SwiftCoreData/Pods-SwiftCoreData-resources.sh\"\n";
			showEnvVarsInLog = 0;
		};
/* End PBXShellScriptBuildPhase section */

/* Begin PBXSourcesBuildPhase section */
		8269C66A1F2A1C76004C3492 /* Sources */ = {
			isa = PBXSourcesBuildPhase;
			buildActionMask = 2147483647;
			files = (
				8269C6741F2A1C76004C3492 /* HomeViewController.swift in Sources */,
				8269C68E1F2A2A3D004C3492 /* Model.swift in Sources */,
				8269C68C1F2A23CF004C3492 /* DataManager.swift in Sources */,
				8269C68A1F2A1ECF004C3492 /* CustomNavigationViewController.swift in Sources */,
				829CEFA21F2BA8030060D8F0 /* SpecieModel.swift in Sources */,
				820CE0C31F2A334200237D0C /* Constants.swift in Sources */,
				82A6C7CA1F2F76FE008E3824 /* HomeCollectionViewCell.swift in Sources */,
				82FF7B3C1F2F798F00867DB5 /* Extensions.swift in Sources */,
				82FF7B3E1F2F7B1D00867DB5 /* UltraVisualLayout.swift in Sources */,
				820CE0C51F2A378B00237D0C /* Requests.swift in Sources */,
				829CEFA41F2BA8810060D8F0 /* JediModel.swift in Sources */,
				8269C6721F2A1C76004C3492 /* AppDelegate.swift in Sources */,
				8269C67A1F2A1C76004C3492 /* SwiftCoreData.xcdatamodeld in Sources */,
			);
			runOnlyForDeploymentPostprocessing = 0;
		};
/* End PBXSourcesBuildPhase section */

/* Begin PBXVariantGroup section */
		8269C6751F2A1C76004C3492 /* Main.storyboard */ = {
			isa = PBXVariantGroup;
			children = (
				8269C6761F2A1C76004C3492 /* Base */,
			);
			name = Main.storyboard;
			sourceTree = "<group>";
		};
		8269C67D1F2A1C76004C3492 /* LaunchScreen.storyboard */ = {
			isa = PBXVariantGroup;
			children = (
				8269C67E1F2A1C76004C3492 /* Base */,
			);
			name = LaunchScreen.storyboard;
			sourceTree = "<group>";
		};
/* End PBXVariantGroup section */

/* Begin XCBuildConfiguration section */
		8269C6811F2A1C76004C3492 /* Debug */ = {
			isa = XCBuildConfiguration;
			buildSettings = {
				ALWAYS_SEARCH_USER_PATHS = NO;
				CLANG_ANALYZER_NONNULL = YES;
				CLANG_ANALYZER_NUMBER_OBJECT_CONVERSION = YES_AGGRESSIVE;
				CLANG_CXX_LANGUAGE_STANDARD = "gnu++14";
				CLANG_CXX_LIBRARY = "libc++";
				CLANG_ENABLE_MODULES = YES;
				CLANG_ENABLE_OBJC_ARC = YES;
				CLANG_WARN_BLOCK_CAPTURE_AUTORELEASING = YES;
				CLANG_WARN_BOOL_CONVERSION = YES;
				CLANG_WARN_COMMA = YES;
				CLANG_WARN_CONSTANT_CONVERSION = YES;
				CLANG_WARN_DIRECT_OBJC_ISA_USAGE = YES_ERROR;
				CLANG_WARN_DOCUMENTATION_COMMENTS = YES;
				CLANG_WARN_EMPTY_BODY = YES;
				CLANG_WARN_ENUM_CONVERSION = YES;
				CLANG_WARN_INFINITE_RECURSION = YES;
				CLANG_WARN_INT_CONVERSION = YES;
				CLANG_WARN_NON_LITERAL_NULL_CONVERSION = YES;
				CLANG_WARN_OBJC_LITERAL_CONVERSION = YES;
				CLANG_WARN_OBJC_ROOT_CLASS = YES_ERROR;
				CLANG_WARN_RANGE_LOOP_ANALYSIS = YES;
				CLANG_WARN_STRICT_PROTOTYPES = YES;
				CLANG_WARN_SUSPICIOUS_MOVE = YES;
				CLANG_WARN_UNGUARDED_AVAILABILITY = YES_AGGRESSIVE;
				CLANG_WARN_UNREACHABLE_CODE = YES;
				CLANG_WARN__DUPLICATE_METHOD_MATCH = YES;
				CODE_SIGN_IDENTITY = "iPhone Developer";
				COPY_PHASE_STRIP = NO;
				DEBUG_INFORMATION_FORMAT = dwarf;
				ENABLE_STRICT_OBJC_MSGSEND = YES;
				ENABLE_TESTABILITY = YES;
				GCC_C_LANGUAGE_STANDARD = gnu11;
				GCC_DYNAMIC_NO_PIC = NO;
				GCC_NO_COMMON_BLOCKS = YES;
				GCC_OPTIMIZATION_LEVEL = 0;
				GCC_PREPROCESSOR_DEFINITIONS = (
					"DEBUG=1",
					"$(inherited)",
				);
				GCC_WARN_64_TO_32_BIT_CONVERSION = YES;
				GCC_WARN_ABOUT_RETURN_TYPE = YES_ERROR;
				GCC_WARN_UNDECLARED_SELECTOR = YES;
				GCC_WARN_UNINITIALIZED_AUTOS = YES_AGGRESSIVE;
				GCC_WARN_UNUSED_FUNCTION = YES;
				GCC_WARN_UNUSED_VARIABLE = YES;
				IPHONEOS_DEPLOYMENT_TARGET = 10.0;
				MTL_ENABLE_DEBUG_INFO = YES;
				ONLY_ACTIVE_ARCH = YES;
				SDKROOT = iphoneos;
				SWIFT_ACTIVE_COMPILATION_CONDITIONS = DEBUG;
				SWIFT_OPTIMIZATION_LEVEL = "-Onone";
			};
			name = Debug;
		};
		8269C6821F2A1C76004C3492 /* Release */ = {
			isa = XCBuildConfiguration;
			buildSettings = {
				ALWAYS_SEARCH_USER_PATHS = NO;
				CLANG_ANALYZER_NONNULL = YES;
				CLANG_ANALYZER_NUMBER_OBJECT_CONVERSION = YES_AGGRESSIVE;
				CLANG_CXX_LANGUAGE_STANDARD = "gnu++14";
				CLANG_CXX_LIBRARY = "libc++";
				CLANG_ENABLE_MODULES = YES;
				CLANG_ENABLE_OBJC_ARC = YES;
				CLANG_WARN_BLOCK_CAPTURE_AUTORELEASING = YES;
				CLANG_WARN_BOOL_CONVERSION = YES;
				CLANG_WARN_COMMA = YES;
				CLANG_WARN_CONSTANT_CONVERSION = YES;
				CLANG_WARN_DIRECT_OBJC_ISA_USAGE = YES_ERROR;
				CLANG_WARN_DOCUMENTATION_COMMENTS = YES;
				CLANG_WARN_EMPTY_BODY = YES;
				CLANG_WARN_ENUM_CONVERSION = YES;
				CLANG_WARN_INFINITE_RECURSION = YES;
				CLANG_WARN_INT_CONVERSION = YES;
				CLANG_WARN_NON_LITERAL_NULL_CONVERSION = YES;
				CLANG_WARN_OBJC_LITERAL_CONVERSION = YES;
				CLANG_WARN_OBJC_ROOT_CLASS = YES_ERROR;
				CLANG_WARN_RANGE_LOOP_ANALYSIS = YES;
				CLANG_WARN_STRICT_PROTOTYPES = YES;
				CLANG_WARN_SUSPICIOUS_MOVE = YES;
				CLANG_WARN_UNGUARDED_AVAILABILITY = YES_AGGRESSIVE;
				CLANG_WARN_UNREACHABLE_CODE = YES;
				CLANG_WARN__DUPLICATE_METHOD_MATCH = YES;
				CODE_SIGN_IDENTITY = "iPhone Developer";
				COPY_PHASE_STRIP = NO;
				DEBUG_INFORMATION_FORMAT = "dwarf-with-dsym";
				ENABLE_NS_ASSERTIONS = NO;
				ENABLE_STRICT_OBJC_MSGSEND = YES;
				GCC_C_LANGUAGE_STANDARD = gnu11;
				GCC_NO_COMMON_BLOCKS = YES;
				GCC_WARN_64_TO_32_BIT_CONVERSION = YES;
				GCC_WARN_ABOUT_RETURN_TYPE = YES_ERROR;
				GCC_WARN_UNDECLARED_SELECTOR = YES;
				GCC_WARN_UNINITIALIZED_AUTOS = YES_AGGRESSIVE;
				GCC_WARN_UNUSED_FUNCTION = YES;
				GCC_WARN_UNUSED_VARIABLE = YES;
				IPHONEOS_DEPLOYMENT_TARGET = 10.0;
				MTL_ENABLE_DEBUG_INFO = NO;
				SDKROOT = iphoneos;
				SWIFT_OPTIMIZATION_LEVEL = "-Owholemodule";
				VALIDATE_PRODUCT = YES;
			};
			name = Release;
		};
		8269C6841F2A1C76004C3492 /* Debug */ = {
			isa = XCBuildConfiguration;
			baseConfigurationReference = 842C8136B2FF56C03BE20B95 /* Pods-SwiftCoreData.debug.xcconfig */;
			buildSettings = {
				ASSETCATALOG_COMPILER_APPICON_NAME = AppIcon;
				DEVELOPMENT_TEAM = G9572JBENB;
				INFOPLIST_FILE = "$(SRCROOT)/SwiftCoreData/Support/Info.plist";
				LD_RUNPATH_SEARCH_PATHS = "$(inherited) @executable_path/Frameworks";
				PRODUCT_BUNDLE_IDENTIFIER = com.tutorial.swiftcoredata;
				PRODUCT_NAME = "$(TARGET_NAME)";
				SWIFT_VERSION = 4.0;
				TARGETED_DEVICE_FAMILY = "1,2";
			};
			name = Debug;
		};
		8269C6851F2A1C76004C3492 /* Release */ = {
			isa = XCBuildConfiguration;
			baseConfigurationReference = 0C449078D09E66687A52D326 /* Pods-SwiftCoreData.release.xcconfig */;
			buildSettings = {
				ASSETCATALOG_COMPILER_APPICON_NAME = AppIcon;
				DEVELOPMENT_TEAM = G9572JBENB;
				INFOPLIST_FILE = "$(SRCROOT)/SwiftCoreData/Support/Info.plist";
				LD_RUNPATH_SEARCH_PATHS = "$(inherited) @executable_path/Frameworks";
				PRODUCT_BUNDLE_IDENTIFIER = com.tutorial.swiftcoredata;
				PRODUCT_NAME = "$(TARGET_NAME)";
				SWIFT_VERSION = 4.0;
				TARGETED_DEVICE_FAMILY = "1,2";
			};
			name = Release;
		};
/* End XCBuildConfiguration section */

/* Begin XCConfigurationList section */
		8269C6691F2A1C76004C3492 /* Build configuration list for PBXProject "SwiftCoreData" */ = {
			isa = XCConfigurationList;
			buildConfigurations = (
				8269C6811F2A1C76004C3492 /* Debug */,
				8269C6821F2A1C76004C3492 /* Release */,
			);
			defaultConfigurationIsVisible = 0;
			defaultConfigurationName = Release;
		};
		8269C6831F2A1C76004C3492 /* Build configuration list for PBXNativeTarget "SwiftCoreData" */ = {
			isa = XCConfigurationList;
			buildConfigurations = (
				8269C6841F2A1C76004C3492 /* Debug */,
				8269C6851F2A1C76004C3492 /* Release */,
			);
			defaultConfigurationIsVisible = 0;
			defaultConfigurationName = Release;
		};
/* End XCConfigurationList section */

/* Begin XCVersionGroup section */
		8269C6781F2A1C76004C3492 /* SwiftCoreData.xcdatamodeld */ = {
			isa = XCVersionGroup;
			children = (
				8269C6791F2A1C76004C3492 /* CoreData.xcdatamodel */,
			);
			currentVersion = 8269C6791F2A1C76004C3492 /* CoreData.xcdatamodel */;
			path = SwiftCoreData.xcdatamodeld;
			sourceTree = "<group>";
			versionGroupType = wrapper.xcdatamodel;
		};
/* End XCVersionGroup section */
	};
	rootObject = 8269C6661F2A1C76004C3492 /* Project object */;
}
